
Microsoft Visual Studio Solution File, Format Version 12.00
# Visual Studio Version 17
VisualStudioVersion = 17.9.34723.18
MinimumVisualStudioVersion = 10.0.40219.1
Project("{FAE04EC0-301F-11D3-BF4B-00C04F79EFBC}") = "TaskManager", "TaskManager\TaskManager.csproj", "{1D3C2DE3-E616-44D9-B5F8-B0511B3D7121}"
EndProject
Global
	GlobalSection(SolutionConfigurationPlatforms) = preSolution
		Debug|Any CPU = Debug|Any CPU
		Release|Any CPU = Release|Any CPU
	EndGlobalSection
	GlobalSection(ProjectConfigurationPlatforms) = postSolution
		{1D3C2DE3-E616-44D9-B5F8-B0511B3D7121}.Debug|Any CPU.ActiveCfg = Debug|Any CPU
		{1D3C2DE3-E616-44D9-B5F8-B0511B3D7121}.Debug|Any CPU.Build.0 = Debug|Any CPU
		{1D3C2DE3-E616-44D9-B5F8-B0511B3D7121}.Release|Any CPU.ActiveCfg = Release|Any CPU
		{1D3C2DE3-E616-44D9-B5F8-B0511B3D7121}.Release|Any CPU.Build.0 = Release|Any CPU
	EndGlobalSection
	GlobalSection(SolutionProperties) = preSolution
		HideSolutionNode = FALSE
	EndGlobalSection
	GlobalSection(ExtensibilityGlobals) = postSolution
		SolutionGuid = {E6C3C9ED-FF27-48B8-8D11-2D64E8FFD942}
	EndGlobalSection
EndGlobal
